
Microsoft Visual Studio Solution File, Format Version 12.00
# Visual Studio 15
VisualStudioVersion = 15.0.28010.2048
MinimumVisualStudioVersion = 10.0.40219.1
Project("{FAE04EC0-301F-11D3-BF4B-00C04F79EFBC}") = "ProjektZaliczeniowy", "ProjektZaliczeniowy\ProjektZaliczeniowy.csproj", "{C9D13F16-1689-423E-A620-6CD581D88981}"
EndProject
Global
	GlobalSection(SolutionConfigurationPlatforms) = preSolution
		Debug|Any CPU = Debug|Any CPU
		Release|Any CPU = Release|Any CPU
	EndGlobalSection
	GlobalSection(ProjectConfigurationPlatforms) = postSolution
		{C9D13F16-1689-423E-A620-6CD581D88981}.Debug|Any CPU.ActiveCfg = Debug|Any CPU
		{C9D13F16-1689-423E-A620-6CD581D88981}.Debug|Any CPU.Build.0 = Debug|Any CPU
		{C9D13F16-1689-423E-A620-6CD581D88981}.Release|Any CPU.ActiveCfg = Release|Any CPU
		{C9D13F16-1689-423E-A620-6CD581D88981}.Release|Any CPU.Build.0 = Release|Any CPU
	EndGlobalSection
	GlobalSection(SolutionProperties) = preSolution
		HideSolutionNode = FALSE
	EndGlobalSection
	GlobalSection(ExtensibilityGlobals) = postSolution
		SolutionGuid = {16A55DEB-2A55-4CD3-BC5B-71F3A3F08FA4}
	EndGlobalSection
EndGlobal
